{
  "nodes": {
    "emacs": {
      "locked": {
        "lastModified": 1607099087,
        "narHash": "sha256-fa+5aqpBT4+XtVMQIb84pmPNYDdfCIjdUJQHBYvuO08=",
        "owner": "nix-community",
        "repo": "emacs-overlay",
        "rev": "8bdc8db49f17bd1d55f213343cc05ebbd31f2e20",
        "type": "github"
      },
      "original": {
        "owner": "nix-community",
        "ref": "master",
        "repo": "emacs-overlay",
        "type": "github"
      }
    },
    "gitignore-nix": {
      "flake": false,
      "locked": {
        "lastModified": 1594969032,
        "narHash": "sha256-nbZfz02QoVe1yYK7EtCV7wMi4VdHzZEoPg20ZSDo9to=",
        "owner": "hercules-ci",
        "repo": "gitignore.nix",
        "rev": "c4662e662462e7bf3c2a968483478a665d00e717",
        "type": "github"
      },
      "original": {
        "owner": "hercules-ci",
        "ref": "master",
        "repo": "gitignore.nix",
        "type": "github"
      }
    },
    "home-manager": {
      "inputs": {
        "nixpkgs": [
          "nixpkgs"
        ]
      },
      "locked": {
        "lastModified": 1606860459,
        "narHash": "sha256-Y3PtSmLjVMxky7NbmGg30f7ZKx1oNdPTsksEG37gLKU=",
        "owner": "rycee",
        "repo": "home-manager",
        "rev": "06543644266edcf845ac912002868246b58d19e6",
        "type": "github"
      },
      "original": {
        "owner": "rycee",
        "ref": "master",
        "repo": "home-manager",
        "type": "github"
      }
    },
    "nixos": {
      "locked": {
        "lastModified": 1606789930,
        "narHash": "sha256-fIDdUZHX6OnErpv+ZXEM/479z8WKNyNX9ALsHQpjoeA=",
        "owner": "NixOS",
        "repo": "nixpkgs",
        "rev": "2fbcd0b9df95306199407e36a038d2cc3aa24786",
        "type": "github"
      },
      "original": {
        "owner": "NixOS",
        "ref": "nixos-20.09",
        "repo": "nixpkgs",
        "type": "github"
      }
    },
    "nixos-hardware": {
      "locked": {
        "lastModified": 1606843035,
        "narHash": "sha256-KjfBZWyTzLI8/mGgG1zVK4qIsA853HB/8TYkpZdf/ng=",
        "owner": "NixOS",
        "repo": "nixos-hardware",
        "rev": "025c7a2a7efd9edf341879dbd46988d3a65a76dc",
        "type": "github"
      },
      "original": {
        "owner": "NixOS",
        "ref": "master",
        "repo": "nixos-hardware",
        "type": "github"
      }
    },
    "nixos-unstable": {
      "locked": {
        "lastModified": 1606984864,
        "narHash": "sha256-yTz6tNbjOz7ezTw/r+M9CgYlfXczEtPlLnwkk2D0CUg=",
        "owner": "NixOS",
        "repo": "nixpkgs",
        "rev": "296793637b22bdb4d23b479879eba0a71c132a66",
        "type": "github"
      },
      "original": {
        "owner": "NixOS",
        "ref": "nixos-unstable",
        "repo": "nixpkgs",
        "type": "github"
      }
    },
    "nixpkgs": {
      "locked": {
        "lastModified": 1607101265,
        "narHash": "sha256-DrxFL3p6iq0rwHnhN42nkSl7KTgVfn3VFesuBW70GE4=",
        "owner": "NixOS",
        "repo": "nixpkgs",
        "rev": "29566ca0219041547322cefac408435a18a023b1",
        "type": "github"
      },
      "original": {
        "owner": "NixOS",
        "ref": "master",
        "repo": "nixpkgs",
        "type": "github"
      }
    },
    "nyxt": {
      "flake": false,
      "locked": {
        "lastModified": 1606999002,
        "narHash": "sha256-Ba/KqMg1nXiTuAuSL7OJ23oBji9tmKNQJvDks0U4zS4=",
        "owner": "atlas-engineer",
        "repo": "nyxt",
        "rev": "94aaadd7c0542826092eb042597465022ca3836a",
        "type": "github"
      },
      "original": {
        "owner": "atlas-engineer",
        "ref": "master",
        "repo": "nyxt",
        "type": "github"
      }
    },
    "root": {
      "inputs": {
        "emacs": "emacs",
        "gitignore-nix": "gitignore-nix",
        "home-manager": "home-manager",
        "nixos": "nixos",
        "nixos-hardware": "nixos-hardware",
        "nixos-unstable": "nixos-unstable",
        "nixpkgs": "nixpkgs",
        "nyxt": "nyxt"
      }
    }
  },
  "root": "root",
  "version": 7
}
